
Microsoft Visual Studio Solution File, Format Version 12.00
# Visual Studio Version 17
VisualStudioVersion = 17.8.34525.116
MinimumVisualStudioVersion = 10.0.40219.1
Project("{FAE04EC0-301F-11D3-BF4B-00C04F79EFBC}") = "MiPrimerCodigo", "MiPrimerCodigo.csproj", "{2FFFF5B6-9C18-4EEE-A8D3-31323757FFBB}"
EndProject
Global
	GlobalSection(SolutionConfigurationPlatforms) = preSolution
		Debug|Any CPU = Debug|Any CPU
		Release|Any CPU = Release|Any CPU
	EndGlobalSection
	GlobalSection(ProjectConfigurationPlatforms) = postSolution
		{2FFFF5B6-9C18-4EEE-A8D3-31323757FFBB}.Debug|Any CPU.ActiveCfg = Debug|Any CPU
		{2FFFF5B6-9C18-4EEE-A8D3-31323757FFBB}.Debug|Any CPU.Build.0 = Debug|Any CPU
		{2FFFF5B6-9C18-4EEE-A8D3-31323757FFBB}.Release|Any CPU.ActiveCfg = Release|Any CPU
		{2FFFF5B6-9C18-4EEE-A8D3-31323757FFBB}.Release|Any CPU.Build.0 = Release|Any CPU
	EndGlobalSection
	GlobalSection(SolutionProperties) = preSolution
		HideSolutionNode = FALSE
	EndGlobalSection
	GlobalSection(ExtensibilityGlobals) = postSolution
		SolutionGuid = {55715B56-DFF1-4B94-8062-1F51C6C9F2B0}
	EndGlobalSection
EndGlobal
